
Microsoft Visual Studio Solution File, Format Version 12.00
# Visual Studio Version 17
VisualStudioVersion = 17.0.31903.59
MinimumVisualStudioVersion = 10.0.40219.1
Project("{2150E333-8FDC-42A3-9474-1A3956D46DE8}") = "src", "src", "{827E0CD3-B72D-47B6-A68D-7590B98EB39B}"
EndProject
Project("{2150E333-8FDC-42A3-9474-1A3956D46DE8}") = "Domain", "Domain", "{8B290487-4C16-E85E-E807-F579CBE9FC4D}"
EndProject
Project("{FAE04EC0-301F-11D3-BF4B-00C04F79EFBC}") = "SponsorshipApproval.Domain", "src\Domain\SponsorshipApproval.Domain.csproj", "{3A8CE7A2-918D-4D1C-8C88-576DF9C3AE7C}"
EndProject
Project("{2150E333-8FDC-42A3-9474-1A3956D46DE8}") = "Application", "Application", "{22BAF98C-8415-17C4-B26A-D537657BC863}"
EndProject
Project("{FAE04EC0-301F-11D3-BF4B-00C04F79EFBC}") = "SponsorshipApproval.Application", "src\Application\SponsorshipApproval.Application.csproj", "{DD55A2B4-957C-47AB-A51D-01228352A662}"
EndProject
Project("{2150E333-8FDC-42A3-9474-1A3956D46DE8}") = "Infrastructure", "Infrastructure", "{9048EB7F-3875-A59E-E36B-5BD4C6F2A282}"
EndProject
Project("{FAE04EC0-301F-11D3-BF4B-00C04F79EFBC}") = "SponsorshipApproval.Infrastructure", "src\Infrastructure\SponsorshipApproval.Infrastructure.csproj", "{D0CFF5C3-ECC3-4153-8030-8F0FAC6D2852}"
EndProject
Project("{2150E333-8FDC-42A3-9474-1A3956D46DE8}") = "Api", "Api", "{81034408-37C8-1011-444E-4C15C2FADA8E}"
EndProject
Project("{FAE04EC0-301F-11D3-BF4B-00C04F79EFBC}") = "SponsorshipApproval.Api", "src\Api\SponsorshipApproval.Api.csproj", "{ED73D8C2-E281-4B9F-ADA6-DFA3646F996C}"
EndProject
Project("{2150E333-8FDC-42A3-9474-1A3956D46DE8}") = "tests", "tests", "{0AB3BF05-4346-4AA6-1389-037BE0695223}"
EndProject
Project("{2150E333-8FDC-42A3-9474-1A3956D46DE8}") = "Domain.Tests", "Domain.Tests", "{6689DE0C-BD34-81AE-B353-DE31FCF7888B}"
EndProject
Project("{FAE04EC0-301F-11D3-BF4B-00C04F79EFBC}") = "SponsorshipApproval.Domain.Tests", "tests\Domain.Tests\SponsorshipApproval.Domain.Tests.csproj", "{C40036B6-C939-46B4-B927-FA46F36E7D72}"
EndProject
Project("{2150E333-8FDC-42A3-9474-1A3956D46DE8}") = "Application.Tests", "Application.Tests", "{E54C5156-A79F-F12B-3B9F-7475A4B81BB0}"
EndProject
Project("{FAE04EC0-301F-11D3-BF4B-00C04F79EFBC}") = "SponsorshipApproval.Application.Tests", "tests\Application.Tests\SponsorshipApproval.Application.Tests.csproj", "{36778EEE-C73C-4D4C-844F-EB4872FECC42}"
EndProject
Project("{2150E333-8FDC-42A3-9474-1A3956D46DE8}") = "Api.IntegrationTests", "Api.IntegrationTests", "{1F7D4CDE-290E-3473-D392-7D5A8F01EDEC}"
EndProject
Project("{FAE04EC0-301F-11D3-BF4B-00C04F79EFBC}") = "SponsorshipApproval.Api.IntegrationTests", "tests\Api.IntegrationTests\SponsorshipApproval.Api.IntegrationTests.csproj", "{C1E45C5A-D919-484D-B493-259039C3992B}"
EndProject
Global
	GlobalSection(SolutionConfigurationPlatforms) = preSolution
		Debug|Any CPU = Debug|Any CPU
		Debug|x64 = Debug|x64
		Debug|x86 = Debug|x86
		Release|Any CPU = Release|Any CPU
		Release|x64 = Release|x64
		Release|x86 = Release|x86
	EndGlobalSection
	GlobalSection(ProjectConfigurationPlatforms) = postSolution
		{3A8CE7A2-918D-4D1C-8C88-576DF9C3AE7C}.Debug|Any CPU.ActiveCfg = Debug|Any CPU
		{3A8CE7A2-918D-4D1C-8C88-576DF9C3AE7C}.Debug|Any CPU.Build.0 = Debug|Any CPU
		{3A8CE7A2-918D-4D1C-8C88-576DF9C3AE7C}.Debug|x64.ActiveCfg = Debug|Any CPU
		{3A8CE7A2-918D-4D1C-8C88-576DF9C3AE7C}.Debug|x64.Build.0 = Debug|Any CPU
		{3A8CE7A2-918D-4D1C-8C88-576DF9C3AE7C}.Debug|x86.ActiveCfg = Debug|Any CPU
		{3A8CE7A2-918D-4D1C-8C88-576DF9C3AE7C}.Debug|x86.Build.0 = Debug|Any CPU
		{3A8CE7A2-918D-4D1C-8C88-576DF9C3AE7C}.Release|Any CPU.ActiveCfg = Release|Any CPU
		{3A8CE7A2-918D-4D1C-8C88-576DF9C3AE7C}.Release|Any CPU.Build.0 = Release|Any CPU
		{3A8CE7A2-918D-4D1C-8C88-576DF9C3AE7C}.Release|x64.ActiveCfg = Release|Any CPU
		{3A8CE7A2-918D-4D1C-8C88-576DF9C3AE7C}.Release|x64.Build.0 = Release|Any CPU
		{3A8CE7A2-918D-4D1C-8C88-576DF9C3AE7C}.Release|x86.ActiveCfg = Release|Any CPU
		{3A8CE7A2-918D-4D1C-8C88-576DF9C3AE7C}.Release|x86.Build.0 = Release|Any CPU
		{DD55A2B4-957C-47AB-A51D-01228352A662}.Debug|Any CPU.ActiveCfg = Debug|Any CPU
		{DD55A2B4-957C-47AB-A51D-01228352A662}.Debug|Any CPU.Build.0 = Debug|Any CPU
		{DD55A2B4-957C-47AB-A51D-01228352A662}.Debug|x64.ActiveCfg = Debug|Any CPU
		{DD55A2B4-957C-47AB-A51D-01228352A662}.Debug|x64.Build.0 = Debug|Any CPU
		{DD55A2B4-957C-47AB-A51D-01228352A662}.Debug|x86.ActiveCfg = Debug|Any CPU
		{DD55A2B4-957C-47AB-A51D-01228352A662}.Debug|x86.Build.0 = Debug|Any CPU
		{DD55A2B4-957C-47AB-A51D-01228352A662}.Release|Any CPU.ActiveCfg = Release|Any CPU
		{DD55A2B4-957C-47AB-A51D-01228352A662}.Release|Any CPU.Build.0 = Release|Any CPU
		{DD55A2B4-957C-47AB-A51D-01228352A662}.Release|x64.ActiveCfg = Release|Any CPU
		{DD55A2B4-957C-47AB-A51D-01228352A662}.Release|x64.Build.0 = Release|Any CPU
		{DD55A2B4-957C-47AB-A51D-01228352A662}.Release|x86.ActiveCfg = Release|Any CPU
		{DD55A2B4-957C-47AB-A51D-01228352A662}.Release|x86.Build.0 = Release|Any CPU
		{D0CFF5C3-ECC3-4153-8030-8F0FAC6D2852}.Debug|Any CPU.ActiveCfg = Debug|Any CPU
		{D0CFF5C3-ECC3-4153-8030-8F0FAC6D2852}.Debug|Any CPU.Build.0 = Debug|Any CPU
		{D0CFF5C3-ECC3-4153-8030-8F0FAC6D2852}.Debug|x64.ActiveCfg = Debug|Any CPU
		{D0CFF5C3-ECC3-4153-8030-8F0FAC6D2852}.Debug|x64.Build.0 = Debug|Any CPU
		{D0CFF5C3-ECC3-4153-8030-8F0FAC6D2852}.Debug|x86.ActiveCfg = Debug|Any CPU
		{D0CFF5C3-ECC3-4153-8030-8F0FAC6D2852}.Debug|x86.Build.0 = Debug|Any CPU
		{D0CFF5C3-ECC3-4153-8030-8F0FAC6D2852}.Release|Any CPU.ActiveCfg = Release|Any CPU
		{D0CFF5C3-ECC3-4153-8030-8F0FAC6D2852}.Release|Any CPU.Build.0 = Release|Any CPU
		{D0CFF5C3-ECC3-4153-8030-8F0FAC6D2852}.Release|x64.ActiveCfg = Release|Any CPU
		{D0CFF5C3-ECC3-4153-8030-8F0FAC6D2852}.Release|x64.Build.0 = Release|Any CPU
		{D0CFF5C3-ECC3-4153-8030-8F0FAC6D2852}.Release|x86.ActiveCfg = Release|Any CPU
		{D0CFF5C3-ECC3-4153-8030-8F0FAC6D2852}.Release|x86.Build.0 = Release|Any CPU
		{ED73D8C2-E281-4B9F-ADA6-DFA3646F996C}.Debug|Any CPU.ActiveCfg = Debug|Any CPU
		{ED73D8C2-E281-4B9F-ADA6-DFA3646F996C}.Debug|Any CPU.Build.0 = Debug|Any CPU
		{ED73D8C2-E281-4B9F-ADA6-DFA3646F996C}.Debug|x64.ActiveCfg = Debug|Any CPU
		{ED73D8C2-E281-4B9F-ADA6-DFA3646F996C}.Debug|x64.Build.0 = Debug|Any CPU
		{ED73D8C2-E281-4B9F-ADA6-DFA3646F996C}.Debug|x86.ActiveCfg = Debug|Any CPU
		{ED73D8C2-E281-4B9F-ADA6-DFA3646F996C}.Debug|x86.Build.0 = Debug|Any CPU
		{ED73D8C2-E281-4B9F-ADA6-DFA3646F996C}.Release|Any CPU.ActiveCfg = Release|Any CPU
		{ED73D8C2-E281-4B9F-ADA6-DFA3646F996C}.Release|Any CPU.Build.0 = Release|Any CPU
		{ED73D8C2-E281-4B9F-ADA6-DFA3646F996C}.Release|x64.ActiveCfg = Release|Any CPU
		{ED73D8C2-E281-4B9F-ADA6-DFA3646F996C}.Release|x64.Build.0 = Release|Any CPU
		{ED73D8C2-E281-4B9F-ADA6-DFA3646F996C}.Release|x86.ActiveCfg = Release|Any CPU
		{ED73D8C2-E281-4B9F-ADA6-DFA3646F996C}.Release|x86.Build.0 = Release|Any CPU
		{C40036B6-C939-46B4-B927-FA46F36E7D72}.Debug|Any CPU.ActiveCfg = Debug|Any CPU
		{C40036B6-C939-46B4-B927-FA46F36E7D72}.Debug|Any CPU.Build.0 = Debug|Any CPU
		{C40036B6-C939-46B4-B927-FA46F36E7D72}.Debug|x64.ActiveCfg = Debug|Any CPU
		{C40036B6-C939-46B4-B927-FA46F36E7D72}.Debug|x64.Build.0 = Debug|Any CPU
		{C40036B6-C939-46B4-B927-FA46F36E7D72}.Debug|x86.ActiveCfg = Debug|Any CPU
		{C40036B6-C939-46B4-B927-FA46F36E7D72}.Debug|x86.Build.0 = Debug|Any CPU
		{C40036B6-C939-46B4-B927-FA46F36E7D72}.Release|Any CPU.ActiveCfg = Release|Any CPU
		{C40036B6-C939-46B4-B927-FA46F36E7D72}.Release|Any CPU.Build.0 = Release|Any CPU
		{C40036B6-C939-46B4-B927-FA46F36E7D72}.Release|x64.ActiveCfg = Release|Any CPU
		{C40036B6-C939-46B4-B927-FA46F36E7D72}.Release|x64.Build.0 = Release|Any CPU
		{C40036B6-C939-46B4-B927-FA46F36E7D72}.Release|x86.ActiveCfg = Release|Any CPU
		{C40036B6-C939-46B4-B927-FA46F36E7D72}.Release|x86.Build.0 = Release|Any CPU
		{36778EEE-C73C-4D4C-844F-EB4872FECC42}.Debug|Any CPU.ActiveCfg = Debug|Any CPU
		{36778EEE-C73C-4D4C-844F-EB4872FECC42}.Debug|Any CPU.Build.0 = Debug|Any CPU
		{36778EEE-C73C-4D4C-844F-EB4872FECC42}.Debug|x64.ActiveCfg = Debug|Any CPU
		{36778EEE-C73C-4D4C-844F-EB4872FECC42}.Debug|x64.Build.0 = Debug|Any CPU
		{36778EEE-C73C-4D4C-844F-EB4872FECC42}.Debug|x86.ActiveCfg = Debug|Any CPU
		{36778EEE-C73C-4D4C-844F-EB4872FECC42}.Debug|x86.Build.0 = Debug|Any CPU
		{36778EEE-C73C-4D4C-844F-EB4872FECC42}.Release|Any CPU.ActiveCfg = Release|Any CPU
		{36778EEE-C73C-4D4C-844F-EB4872FECC42}.Release|Any CPU.Build.0 = Release|Any CPU
		{36778EEE-C73C-4D4C-844F-EB4872FECC42}.Release|x64.ActiveCfg = Release|Any CPU
		{36778EEE-C73C-4D4C-844F-EB4872FECC42}.Release|x64.Build.0 = Release|Any CPU
		{36778EEE-C73C-4D4C-844F-EB4872FECC42}.Release|x86.ActiveCfg = Release|Any CPU
		{36778EEE-C73C-4D4C-844F-EB4872FECC42}.Release|x86.Build.0 = Release|Any CPU
		{C1E45C5A-D919-484D-B493-259039C3992B}.Debug|Any CPU.ActiveCfg = Debug|Any CPU
		{C1E45C5A-D919-484D-B493-259039C3992B}.Debug|Any CPU.Build.0 = Debug|Any CPU
		{C1E45C5A-D919-484D-B493-259039C3992B}.Debug|x64.ActiveCfg = Debug|Any CPU
		{C1E45C5A-D919-484D-B493-259039C3992B}.Debug|x64.Build.0 = Debug|Any CPU
		{C1E45C5A-D919-484D-B493-259039C3992B}.Debug|x86.ActiveCfg = Debug|Any CPU
		{C1E45C5A-D919-484D-B493-259039C3992B}.Debug|x86.Build.0 = Debug|Any CPU
		{C1E45C5A-D919-484D-B493-259039C3992B}.Release|Any CPU.ActiveCfg = Release|Any CPU
		{C1E45C5A-D919-484D-B493-259039C3992B}.Release|Any CPU.Build.0 = Release|Any CPU
		{C1E45C5A-D919-484D-B493-259039C3992B}.Release|x64.ActiveCfg = Release|Any CPU
		{C1E45C5A-D919-484D-B493-259039C3992B}.Release|x64.Build.0 = Release|Any CPU
		{C1E45C5A-D919-484D-B493-259039C3992B}.Release|x86.ActiveCfg = Release|Any CPU
		{C1E45C5A-D919-484D-B493-259039C3992B}.Release|x86.Build.0 = Release|Any CPU
	EndGlobalSection
	GlobalSection(SolutionProperties) = preSolution
		HideSolutionNode = FALSE
	EndGlobalSection
	GlobalSection(NestedProjects) = preSolution
		{8B290487-4C16-E85E-E807-F579CBE9FC4D} = {827E0CD3-B72D-47B6-A68D-7590B98EB39B}
		{3A8CE7A2-918D-4D1C-8C88-576DF9C3AE7C} = {8B290487-4C16-E85E-E807-F579CBE9FC4D}
		{22BAF98C-8415-17C4-B26A-D537657BC863} = {827E0CD3-B72D-47B6-A68D-7590B98EB39B}
		{DD55A2B4-957C-47AB-A51D-01228352A662} = {22BAF98C-8415-17C4-B26A-D537657BC863}
		{9048EB7F-3875-A59E-E36B-5BD4C6F2A282} = {827E0CD3-B72D-47B6-A68D-7590B98EB39B}
		{D0CFF5C3-ECC3-4153-8030-8F0FAC6D2852} = {9048EB7F-3875-A59E-E36B-5BD4C6F2A282}
		{81034408-37C8-1011-444E-4C15C2FADA8E} = {827E0CD3-B72D-47B6-A68D-7590B98EB39B}
		{ED73D8C2-E281-4B9F-ADA6-DFA3646F996C} = {81034408-37C8-1011-444E-4C15C2FADA8E}
		{6689DE0C-BD34-81AE-B353-DE31FCF7888B} = {0AB3BF05-4346-4AA6-1389-037BE0695223}
		{C40036B6-C939-46B4-B927-FA46F36E7D72} = {6689DE0C-BD34-81AE-B353-DE31FCF7888B}
		{E54C5156-A79F-F12B-3B9F-7475A4B81BB0} = {0AB3BF05-4346-4AA6-1389-037BE0695223}
		{36778EEE-C73C-4D4C-844F-EB4872FECC42} = {E54C5156-A79F-F12B-3B9F-7475A4B81BB0}
		{1F7D4CDE-290E-3473-D392-7D5A8F01EDEC} = {0AB3BF05-4346-4AA6-1389-037BE0695223}
		{C1E45C5A-D919-484D-B493-259039C3992B} = {1F7D4CDE-290E-3473-D392-7D5A8F01EDEC}
	EndGlobalSection
EndGlobal
